{
  "name": "@cap-js-community/odata-v2-adapter-test-postgres",
  "version": "1.0.0",
  "lockfileVersion": 3,
  "requires": true,
  "packages": {
    "": {
      "name": "@cap-js-community/odata-v2-adapter-test-postgres",
      "version": "1.0.0",
      "dependencies": {
        "@cap-js-community/odata-v2-adapter": "../../"
      },
      "devDependencies": {
        "@cap-js/postgres": "../../node_modules/@cap-js/postgres"
      }
    },
    "../..": {
      "version": "1.13.0",
      "license": "Apache-2.0",
      "dependencies": {
        "body-parser": "^1.20.2",
        "body-parser-xml": "^2.0.5",
        "express": "^4.19.2",
        "express-fileupload": "^1.5.0",
        "http-proxy-middleware": "^3.0.0",
        "superagent": "^9.0.2",
        "xml2js": "^0.6.2"
      },
      "devDependencies": {
        "@cap-js-community/odata-v2-adapter": "./",
        "@cap-js/hana": "^1.0.0",
        "@cap-js/postgres": "^1.8.0",
        "@cap-js/sqlite": "^1.7.2",
        "@sap/cds": "^7.9.2",
        "@sap/cds-dk": "^7.9.4",
        "@types/express": "^4.17.21",
        "@types/jest": "29.5.12",
        "@typescript-eslint/eslint-plugin": "^7.13.1",
        "@typescript-eslint/parser": "^7.13.1",
        "compression": "^1.7.4",
        "eslint": "^8.57.0",
        "eslint-config-prettier": "^9.1.0",
        "eslint-plugin-jest": "^28.6.0",
        "jest": "^29.7.0",
        "prettier": "^3.3.2",
        "supertest": "^7.0.0",
        "typescript": "^5.5.2"
      },
      "engines": {
        "node": ">=18"
      }
    },
    "../../node_modules/@cap-js/postgres": {
      "version": "1.8.0",
      "dev": true,
      "license": "SEE LICENSE",
      "dependencies": {
        "@cap-js/db-service": "^1.9.0",
        "pg": "^8"
      },
      "engines": {
        "node": ">=16",
        "npm": ">=8"
      },
      "peerDependencies": {
        "@sap/cds": ">=7.6",
        "@sap/cds-dk": ">=7.5"
      },
      "peerDependenciesMeta": {
        "@sap/cds-dk": {
          "optional": true
        }
      }
    },
    "node_modules/@cap-js-community/odata-v2-adapter": {
      "resolved": "../..",
      "link": true
    },
    "node_modules/@cap-js/postgres": {
      "resolved": "../../node_modules/@cap-js/postgres",
      "link": true
    }
  }
}
